
Microsoft Visual Studio Solution File, Format Version 12.00
# Visual Studio 15
VisualStudioVersion = 15.0.28010.2050
MinimumVisualStudioVersion = 10.0.40219.1
Project("{888888A0-9F3D-457C-B088-3A5042F75D52}") = "PracticePython", "PracticePython\PracticePython.pyproj", "{C6A01F0E-110E-4D7D-B33C-94C28EFE3EF2}"
EndProject
Global
	GlobalSection(SolutionConfigurationPlatforms) = preSolution
		Debug|Any CPU = Debug|Any CPU
		Release|Any CPU = Release|Any CPU
	EndGlobalSection
	GlobalSection(ProjectConfigurationPlatforms) = postSolution
		{C6A01F0E-110E-4D7D-B33C-94C28EFE3EF2}.Debug|Any CPU.ActiveCfg = Debug|Any CPU
		{C6A01F0E-110E-4D7D-B33C-94C28EFE3EF2}.Release|Any CPU.ActiveCfg = Release|Any CPU
	EndGlobalSection
	GlobalSection(SolutionProperties) = preSolution
		HideSolutionNode = FALSE
	EndGlobalSection
	GlobalSection(ExtensibilityGlobals) = postSolution
		SolutionGuid = {74D569E3-D50A-4945-82A5-329E918256AB}
	EndGlobalSection
EndGlobal
